
Microsoft Visual Studio Solution File, Format Version 12.00
# Visual Studio 15
VisualStudioVersion = 15.0.27703.2026
MinimumVisualStudioVersion = 10.0.40219.1
Project("{8BC9CEB8-8B4A-11D0-8D11-00A0C91BC942}") = "tinyhttpd-windows", "tinyhttpd-windows.vcxproj", "{83249BF6-42EB-4BAC-8F64-2E497FC4231B}"
EndProject
Global
	GlobalSection(SolutionConfigurationPlatforms) = preSolution
		Debug|x64 = Debug|x64
		Debug|x86 = Debug|x86
		Release|x64 = Release|x64
		Release|x86 = Release|x86
	EndGlobalSection
	GlobalSection(ProjectConfigurationPlatforms) = postSolution
		{83249BF6-42EB-4BAC-8F64-2E497FC4231B}.Debug|x64.ActiveCfg = Debug|x64
		{83249BF6-42EB-4BAC-8F64-2E497FC4231B}.Debug|x64.Build.0 = Debug|x64
		{83249BF6-42EB-4BAC-8F64-2E497FC4231B}.Debug|x86.ActiveCfg = Debug|Win32
		{83249BF6-42EB-4BAC-8F64-2E497FC4231B}.Debug|x86.Build.0 = Debug|Win32
		{83249BF6-42EB-4BAC-8F64-2E497FC4231B}.Release|x64.ActiveCfg = Release|x64
		{83249BF6-42EB-4BAC-8F64-2E497FC4231B}.Release|x64.Build.0 = Release|x64
		{83249BF6-42EB-4BAC-8F64-2E497FC4231B}.Release|x86.ActiveCfg = Release|Win32
		{83249BF6-42EB-4BAC-8F64-2E497FC4231B}.Release|x86.Build.0 = Release|Win32
	EndGlobalSection
	GlobalSection(SolutionProperties) = preSolution
		HideSolutionNode = FALSE
	EndGlobalSection
	GlobalSection(ExtensibilityGlobals) = postSolution
		SolutionGuid = {3591182C-8B6C-4854-B6D3-C67745787352}
	EndGlobalSection
EndGlobal
